
Microsoft Visual Studio Solution File, Format Version 12.00
# Visual Studio 15
VisualStudioVersion = 15.0.28307.489
MinimumVisualStudioVersion = 10.0.40219.1
Project("{FAE04EC0-301F-11D3-BF4B-00C04F79EFBC}") = "Project", "Project\Project.csproj", "{487D7BF2-81DB-4EA2-B496-EDC0E9282CD7}"
EndProject
Global
	GlobalSection(SolutionConfigurationPlatforms) = preSolution
		Debug|Any CPU = Debug|Any CPU
		Release|Any CPU = Release|Any CPU
	EndGlobalSection
	GlobalSection(ProjectConfigurationPlatforms) = postSolution
		{487D7BF2-81DB-4EA2-B496-EDC0E9282CD7}.Debug|Any CPU.ActiveCfg = Debug|Any CPU
		{487D7BF2-81DB-4EA2-B496-EDC0E9282CD7}.Debug|Any CPU.Build.0 = Debug|Any CPU
		{487D7BF2-81DB-4EA2-B496-EDC0E9282CD7}.Release|Any CPU.ActiveCfg = Release|Any CPU
		{487D7BF2-81DB-4EA2-B496-EDC0E9282CD7}.Release|Any CPU.Build.0 = Release|Any CPU
	EndGlobalSection
	GlobalSection(SolutionProperties) = preSolution
		HideSolutionNode = FALSE
	EndGlobalSection
	GlobalSection(ExtensibilityGlobals) = postSolution
		SolutionGuid = {172E6CB0-ADF2-49F7-A357-9855EEB565D4}
	EndGlobalSection
EndGlobal
